
Microsoft Visual Studio Solution File, Format Version 12.00
# Visual Studio Version 17
VisualStudioVersion = 17.8.34330.188
MinimumVisualStudioVersion = 10.0.40219.1
Project("{FAE04EC0-301F-11D3-BF4B-00C04F79EFBC}") = "ProductSale_API", "ProductSale_API\ProductSale_API.csproj", "{7BFB7907-E272-4137-BF04-F891F35DFD15}"
EndProject
Global
	GlobalSection(SolutionConfigurationPlatforms) = preSolution
		Debug|Any CPU = Debug|Any CPU
		Release|Any CPU = Release|Any CPU
	EndGlobalSection
	GlobalSection(ProjectConfigurationPlatforms) = postSolution
		{7BFB7907-E272-4137-BF04-F891F35DFD15}.Debug|Any CPU.ActiveCfg = Debug|Any CPU
		{7BFB7907-E272-4137-BF04-F891F35DFD15}.Debug|Any CPU.Build.0 = Debug|Any CPU
		{7BFB7907-E272-4137-BF04-F891F35DFD15}.Release|Any CPU.ActiveCfg = Release|Any CPU
		{7BFB7907-E272-4137-BF04-F891F35DFD15}.Release|Any CPU.Build.0 = Release|Any CPU
	EndGlobalSection
	GlobalSection(SolutionProperties) = preSolution
		HideSolutionNode = FALSE
	EndGlobalSection
	GlobalSection(ExtensibilityGlobals) = postSolution
		SolutionGuid = {1F157B70-1738-4D3D-A826-86F230B0A721}
	EndGlobalSection
EndGlobal
